
Microsoft Visual Studio Solution File, Format Version 12.00
# Visual Studio 15
VisualStudioVersion = 15.0.28307.852
MinimumVisualStudioVersion = 10.0.40219.1
Project("{FAE04EC0-301F-11D3-BF4B-00C04F79EFBC}") = "Tetris C-Sharp Game", "Tetris C-Sharp Game\Tetris C-Sharp Game.csproj", "{A0CB17FD-1912-4931-B639-DEB31B8368F5}"
EndProject
Global
	GlobalSection(SolutionConfigurationPlatforms) = preSolution
		Debug|Any CPU = Debug|Any CPU
		Release|Any CPU = Release|Any CPU
	EndGlobalSection
	GlobalSection(ProjectConfigurationPlatforms) = postSolution
		{A0CB17FD-1912-4931-B639-DEB31B8368F5}.Debug|Any CPU.ActiveCfg = Debug|Any CPU
		{A0CB17FD-1912-4931-B639-DEB31B8368F5}.Debug|Any CPU.Build.0 = Debug|Any CPU
		{A0CB17FD-1912-4931-B639-DEB31B8368F5}.Release|Any CPU.ActiveCfg = Release|Any CPU
		{A0CB17FD-1912-4931-B639-DEB31B8368F5}.Release|Any CPU.Build.0 = Release|Any CPU
	EndGlobalSection
	GlobalSection(SolutionProperties) = preSolution
		HideSolutionNode = FALSE
	EndGlobalSection
	GlobalSection(ExtensibilityGlobals) = postSolution
		SolutionGuid = {31CF3342-4876-4241-91CC-4A422A536115}
	EndGlobalSection
EndGlobal
